
Microsoft Visual Studio Solution File, Format Version 12.00
# Visual Studio Version 16
VisualStudioVersion = 16.0.31702.278
MinimumVisualStudioVersion = 10.0.40219.1
Project("{8BC9CEB8-8B4A-11D0-8D11-00A0C91BC942}") = "b1", "b1\b1.vcxproj", "{7A87035F-FB0C-49DB-826B-248868D441FD}"
EndProject
Project("{8BC9CEB8-8B4A-11D0-8D11-00A0C91BC942}") = "b2", "b2\b2.vcxproj", "{C63A7D35-2BA0-403C-B641-8EC6B6A38479}"
EndProject
Global
	GlobalSection(SolutionConfigurationPlatforms) = preSolution
		Debug|x64 = Debug|x64
		Debug|x86 = Debug|x86
		Release|x64 = Release|x64
		Release|x86 = Release|x86
	EndGlobalSection
	GlobalSection(ProjectConfigurationPlatforms) = postSolution
		{7A87035F-FB0C-49DB-826B-248868D441FD}.Debug|x64.ActiveCfg = Debug|x64
		{7A87035F-FB0C-49DB-826B-248868D441FD}.Debug|x64.Build.0 = Debug|x64
		{7A87035F-FB0C-49DB-826B-248868D441FD}.Debug|x86.ActiveCfg = Debug|Win32
		{7A87035F-FB0C-49DB-826B-248868D441FD}.Debug|x86.Build.0 = Debug|Win32
		{7A87035F-FB0C-49DB-826B-248868D441FD}.Release|x64.ActiveCfg = Release|x64
		{7A87035F-FB0C-49DB-826B-248868D441FD}.Release|x64.Build.0 = Release|x64
		{7A87035F-FB0C-49DB-826B-248868D441FD}.Release|x86.ActiveCfg = Release|Win32
		{7A87035F-FB0C-49DB-826B-248868D441FD}.Release|x86.Build.0 = Release|Win32
		{C63A7D35-2BA0-403C-B641-8EC6B6A38479}.Debug|x64.ActiveCfg = Debug|x64
		{C63A7D35-2BA0-403C-B641-8EC6B6A38479}.Debug|x64.Build.0 = Debug|x64
		{C63A7D35-2BA0-403C-B641-8EC6B6A38479}.Debug|x86.ActiveCfg = Debug|Win32
		{C63A7D35-2BA0-403C-B641-8EC6B6A38479}.Debug|x86.Build.0 = Debug|Win32
		{C63A7D35-2BA0-403C-B641-8EC6B6A38479}.Release|x64.ActiveCfg = Release|x64
		{C63A7D35-2BA0-403C-B641-8EC6B6A38479}.Release|x64.Build.0 = Release|x64
		{C63A7D35-2BA0-403C-B641-8EC6B6A38479}.Release|x86.ActiveCfg = Release|Win32
		{C63A7D35-2BA0-403C-B641-8EC6B6A38479}.Release|x86.Build.0 = Release|Win32
	EndGlobalSection
	GlobalSection(SolutionProperties) = preSolution
		HideSolutionNode = FALSE
	EndGlobalSection
	GlobalSection(ExtensibilityGlobals) = postSolution
		SolutionGuid = {7FCA601C-3FF1-4CDE-BDA5-04E292989B36}
	EndGlobalSection
EndGlobal
